
Microsoft Visual Studio Solution File, Format Version 12.00
# Visual Studio 15
VisualStudioVersion = 15.0.28307.106
MinimumVisualStudioVersion = 10.0.40219.1
Project("{FAE04EC0-301F-11D3-BF4B-00C04F79EFBC}") = "Application_IMS", "Application_IMS\Application_IMS.csproj", "{9FA93A18-F5CD-4DC3-B5DD-C3D946964D23}"
EndProject
Project("{FAE04EC0-301F-11D3-BF4B-00C04F79EFBC}") = "Data_IMS", "Data_IMS\Data_IMS.csproj", "{B8E52D53-C6FA-48FE-9863-6ED921616DA1}"
EndProject
Project("{FAE04EC0-301F-11D3-BF4B-00C04F79EFBC}") = "Entity_IMS", "Entity_IMS\Entity_IMS.csproj", "{91CABD46-2C29-4F34-BF9F-7D4E1FD9B3DD}"
EndProject
Project("{FAE04EC0-301F-11D3-BF4B-00C04F79EFBC}") = "Interface_IMS", "Interface_IMS\Interface_IMS.csproj", "{5F77BFD8-573F-4109-86EE-F5FB32C85D79}"
EndProject
Project("{FAE04EC0-301F-11D3-BF4B-00C04F79EFBC}") = "Repository_IMS", "Repository_IMS\Repository_IMS.csproj", "{45C76D7D-7C54-479E-98A3-310524810A52}"
EndProject
Global
	GlobalSection(SolutionConfigurationPlatforms) = preSolution
		Debug|Any CPU = Debug|Any CPU
		Release|Any CPU = Release|Any CPU
	EndGlobalSection
	GlobalSection(ProjectConfigurationPlatforms) = postSolution
		{9FA93A18-F5CD-4DC3-B5DD-C3D946964D23}.Debug|Any CPU.ActiveCfg = Debug|Any CPU
		{9FA93A18-F5CD-4DC3-B5DD-C3D946964D23}.Debug|Any CPU.Build.0 = Debug|Any CPU
		{9FA93A18-F5CD-4DC3-B5DD-C3D946964D23}.Release|Any CPU.ActiveCfg = Release|Any CPU
		{9FA93A18-F5CD-4DC3-B5DD-C3D946964D23}.Release|Any CPU.Build.0 = Release|Any CPU
		{B8E52D53-C6FA-48FE-9863-6ED921616DA1}.Debug|Any CPU.ActiveCfg = Debug|Any CPU
		{B8E52D53-C6FA-48FE-9863-6ED921616DA1}.Debug|Any CPU.Build.0 = Debug|Any CPU
		{B8E52D53-C6FA-48FE-9863-6ED921616DA1}.Release|Any CPU.ActiveCfg = Release|Any CPU
		{B8E52D53-C6FA-48FE-9863-6ED921616DA1}.Release|Any CPU.Build.0 = Release|Any CPU
		{91CABD46-2C29-4F34-BF9F-7D4E1FD9B3DD}.Debug|Any CPU.ActiveCfg = Debug|Any CPU
		{91CABD46-2C29-4F34-BF9F-7D4E1FD9B3DD}.Debug|Any CPU.Build.0 = Debug|Any CPU
		{91CABD46-2C29-4F34-BF9F-7D4E1FD9B3DD}.Release|Any CPU.ActiveCfg = Release|Any CPU
		{91CABD46-2C29-4F34-BF9F-7D4E1FD9B3DD}.Release|Any CPU.Build.0 = Release|Any CPU
		{5F77BFD8-573F-4109-86EE-F5FB32C85D79}.Debug|Any CPU.ActiveCfg = Debug|Any CPU
		{5F77BFD8-573F-4109-86EE-F5FB32C85D79}.Debug|Any CPU.Build.0 = Debug|Any CPU
		{5F77BFD8-573F-4109-86EE-F5FB32C85D79}.Release|Any CPU.ActiveCfg = Release|Any CPU
		{5F77BFD8-573F-4109-86EE-F5FB32C85D79}.Release|Any CPU.Build.0 = Release|Any CPU
		{45C76D7D-7C54-479E-98A3-310524810A52}.Debug|Any CPU.ActiveCfg = Debug|Any CPU
		{45C76D7D-7C54-479E-98A3-310524810A52}.Debug|Any CPU.Build.0 = Debug|Any CPU
		{45C76D7D-7C54-479E-98A3-310524810A52}.Release|Any CPU.ActiveCfg = Release|Any CPU
		{45C76D7D-7C54-479E-98A3-310524810A52}.Release|Any CPU.Build.0 = Release|Any CPU
	EndGlobalSection
	GlobalSection(SolutionProperties) = preSolution
		HideSolutionNode = FALSE
	EndGlobalSection
	GlobalSection(ExtensibilityGlobals) = postSolution
		SolutionGuid = {0A28E1E2-8943-4778-A9A5-19EE727ADB15}
	EndGlobalSection
EndGlobal
